<?xml version="1.0" encoding="utf-8"?>
<Project ToolsVersion="4.0" xmlns="http://schemas.microsoft.com/developer/msbuild/2003">
  <ItemGroup>
    <Filter Include="Source Files">
      <UniqueIdentifier>{4FC737F1-C7A5-4376-A066-2A32D752A2FF}</UniqueIdentifier>
      <Extensions>cpp;c;cc;cxx;def;odl;idl;hpj;bat;asm;asmx</Extensions>
    </Filter>
    <Filter Include="Header Files">
      <UniqueIdentifier>{93995380-89BD-4b04-88EB-625FBE52EBFB}</UniqueIdentifier>
      <Extensions>h;hh;hpp;hxx;hm;inl;inc;xsd</Extensions>
    </Filter>
    <Filter Include="Resource Files">
      <UniqueIdentifier>{D9D6E242-F8AF-46E4-B9FD-80ECBC20BA3E}</UniqueIdentifier>
      <Extensions>qrc;*</Extensions>
      <ParseFiles>false</ParseFiles>
    </Filter>
    <Filter Include="Form Files">
      <UniqueIdentifier>{99349809-55BA-4b9d-BF79-8FDBB0286EB3}</UniqueIdentifier>
      <Extensions>ui</Extensions>
    </Filter>
    <Filter Include="Resource Files">
      <UniqueIdentifier>{D9D6E242-F8AF-46E4-B9FD-80ECBC20BA3E}</UniqueIdentifier>
      <Extensions>qrc;*</Extensions>
      <ParseFiles>false</ParseFiles>
    </Filter>
  </ItemGroup>
  <ItemGroup>
    <ClCompile Include="main.cpp">
      <Filter>Source Files</Filter>
    </ClCompile>
    <ClCompile Include="Neuron.cpp">
      <Filter>Source Files</Filter>
    </ClCompile>
    <ClCompile Include="View.cpp">
      <Filter>Source Files</Filter>
    </ClCompile>
    <ClCompile Include="ToolBox.cpp">
      <Filter>Source Files</Filter>
    </ClCompile>
    <ClCompile Include="ArrowPlot.cpp">
      <Filter>Source Files</Filter>
    </ClCompile>
    <ClCompile Include="LayerDock.cpp">
      <Filter>Source Files</Filter>
    </ClCompile>
    <ClCompile Include="LayerConfig.cpp">
      <Filter>Source Files</Filter>
    </ClCompile>
    <ClCompile Include="SynapseDock.cpp">
      <Filter>Source Files</Filter>
    </ClCompile>
    <ClCompile Include="SynapseConfig.cpp">
      <Filter>Source Files</Filter>
    </ClCompile>
  </ItemGroup>
  <ItemGroup>
    <QtMoc Include="Neuron.h">
      <Filter>Header Files</Filter>
    </QtMoc>
    <QtMoc Include="View.h">
      <Filter>Header Files</Filter>
    </QtMoc>
    <QtMoc Include="ToolBox.h">
      <Filter>Header Files</Filter>
    </QtMoc>
    <QtMoc Include="ArrowPlot.h">
      <Filter>Header Files</Filter>
    </QtMoc>
    <QtMoc Include="LayerDock.h">
      <Filter>Header Files</Filter>
    </QtMoc>
    <QtMoc Include="LayerConfig.h">
      <Filter>Header Files</Filter>
    </QtMoc>
    <QtMoc Include="SynapseDock.h">
      <Filter>Header Files</Filter>
    </QtMoc>
    <QtMoc Include="SynapseConfig.h">
      <Filter>Header Files</Filter>
    </QtMoc>
  </ItemGroup>
  <ItemGroup>
    <QtUic Include="Neuron.ui">
      <Filter>Form Files</Filter>
    </QtUic>
    <QtUic Include="View.ui">
      <Filter>Form Files</Filter>
    </QtUic>
    <QtUic Include="ToolBox.ui">
      <Filter>Form Files</Filter>
    </QtUic>
    <QtUic Include="ArrowPlot.ui">
      <Filter>Form Files</Filter>
    </QtUic>
    <QtUic Include="LayerDock.ui">
      <Filter>Form Files</Filter>
    </QtUic>
    <QtUic Include="LayerConfig.ui">
      <Filter>Form Files</Filter>
    </QtUic>
    <QtUic Include="SynapseDock.ui">
      <Filter>Form Files</Filter>
    </QtUic>
    <QtUic Include="SynapseConfig.ui">
      <Filter>Form Files</Filter>
    </QtUic>
  </ItemGroup>
  <ItemGroup>
    <QtRcc Include="Neuron.qrc">
      <Filter>Resource Files</Filter>
    </QtRcc>
  </ItemGroup>
  <ItemGroup>
    <ResourceCompile Include="Neuron.rc" />
  </ItemGroup>
  <ItemGroup>
    <ClInclude Include="Vec3f.h">
      <Filter>Header Files</Filter>
    </ClInclude>
    <ClInclude Include="Mat33f.h">
      <Filter>Header Files</Filter>
    </ClInclude>
  </ItemGroup>
</Project>